{
  "name": "PacmanWebappV01.0",
  "lockfileVersion": 2,
  "requires": true,
  "packages": {
    "": {
      "dependencies": {
        "mobx": "^6.6.1",
        "xstate": "^4.32.1"
      }
    },
    "node_modules/mobx": {
      "version": "6.6.1",
      "resolved": "https://registry.npmjs.org/mobx/-/mobx-6.6.1.tgz",
      "integrity": "sha512-7su3UZv5JF+ohLr2opabjbUAERfXstMY+wiBtey8yNAPoB8H187RaQXuhFjNkH8aE4iHbDWnhDFZw0+5ic4nGQ==",
      "funding": {
        "type": "opencollective",
        "url": "https://opencollective.com/mobx"
      }
    },
    "node_modules/xstate": {
      "version": "4.32.1",
      "resolved": "https://registry.npmjs.org/xstate/-/xstate-4.32.1.tgz",
      "integrity": "sha512-QYUd+3GkXZ8i6qdixnOn28bL3EvA++LONYL/EMWwKlFSh/hiLndJ8YTnz77FDs+JUXcwU7NZJg7qoezoRHc4GQ==",
      "funding": {
        "type": "opencollective",
        "url": "https://opencollective.com/xstate"
      }
    }
  },
  "dependencies": {
    "mobx": {
      "version": "6.6.1",
      "resolved": "https://registry.npmjs.org/mobx/-/mobx-6.6.1.tgz",
      "integrity": "sha512-7su3UZv5JF+ohLr2opabjbUAERfXstMY+wiBtey8yNAPoB8H187RaQXuhFjNkH8aE4iHbDWnhDFZw0+5ic4nGQ=="
    },
    "xstate": {
      "version": "4.32.1",
      "resolved": "https://registry.npmjs.org/xstate/-/xstate-4.32.1.tgz",
      "integrity": "sha512-QYUd+3GkXZ8i6qdixnOn28bL3EvA++LONYL/EMWwKlFSh/hiLndJ8YTnz77FDs+JUXcwU7NZJg7qoezoRHc4GQ=="
    }
  }
}
